<?xml version="1.0" encoding="utf-8"?>
<Project ToolsVersion="4.0" xmlns="http://schemas.microsoft.com/developer/msbuild/2003">
  <ItemGroup>
    <Filter Include="Source Files">
      <UniqueIdentifier>{4FC737F1-C7A5-4376-A066-2A32D752A2FF}</UniqueIdentifier>
      <Extensions>cpp;c;cc;cxx;c++;cppm;ixx;def;odl;idl;hpj;bat;asm;asmx</Extensions>
    </Filter>
    <Filter Include="Header Files">
      <UniqueIdentifier>{93995380-89BD-4b04-88EB-625FBE52EBFB}</UniqueIdentifier>
      <Extensions>h;hh;hpp;hxx;h++;hm;inl;inc;ipp;xsd</Extensions>
    </Filter>
    <Filter Include="Resource Files">
      <UniqueIdentifier>{67DA6AB6-F800-4c08-8B7A-83BB121AAD01}</UniqueIdentifier>
      <Extensions>rc;ico;cur;bmp;dlg;rc2;rct;bin;rgs;gif;jpg;jpeg;jpe;resx;tiff;tif;png;wav;mfcribbon-ms</Extensions>
    </Filter>
    <Filter Include="Header Files\Components">
      <UniqueIdentifier>{ac23d3cb-ecb7-466b-8493-d9369f7921c2}</UniqueIdentifier>
    </Filter>
    <Filter Include="Header Files\TileSystems">
      <UniqueIdentifier>{d6906129-a835-42f8-8053-10880282e2b6}</UniqueIdentifier>
    </Filter>
    <Filter Include="Source Files\Components">
      <UniqueIdentifier>{a9575c51-b1d8-4020-a5fc-371bcce754de}</UniqueIdentifier>
    </Filter>
    <Filter Include="Source Files\TileSystems">
      <UniqueIdentifier>{f6c671cd-2749-469b-a917-e0787244ea8f}</UniqueIdentifier>
    </Filter>
    <Filter Include="Header Files\GameObjects">
      <UniqueIdentifier>{7b106c1b-3fb8-45dd-a08d-10498f68a63b}</UniqueIdentifier>
    </Filter>
    <Filter Include="Source Files\GameObjects">
      <UniqueIdentifier>{8df7479b-a28a-4561-ba10-a035adffa635}</UniqueIdentifier>
    </Filter>
    <Filter Include="Resource Files\Shaders">
      <UniqueIdentifier>{bd5e0eff-d414-45c4-a5e0-1ac2717457dc}</UniqueIdentifier>
    </Filter>
    <Filter Include="Resource Files\Game">
      <UniqueIdentifier>{3b1dc442-3b0c-4812-82ad-e1810b70b11a}</UniqueIdentifier>
    </Filter>
    <Filter Include="Resource Files\Game\GameObjects">
      <UniqueIdentifier>{a0a64b69-6871-498e-8141-e316cac98d8d}</UniqueIdentifier>
    </Filter>
    <Filter Include="Source Files\Internal">
      <UniqueIdentifier>{bd10a834-64c2-420d-8bd3-40a118cc2054}</UniqueIdentifier>
    </Filter>
    <Filter Include="Header Files\Internal">
      <UniqueIdentifier>{4000aa40-d7fe-4521-ac7f-50f60e0d6b9d}</UniqueIdentifier>
    </Filter>
    <Filter Include="Header Files\Input">
      <UniqueIdentifier>{6872aca0-bf8c-4be1-8163-84fa9d992872}</UniqueIdentifier>
    </Filter>
    <Filter Include="Source Files\Input">
      <UniqueIdentifier>{32935a15-8802-4f4f-a190-8fd7616bfd0b}</UniqueIdentifier>
    </Filter>
    <Filter Include="Source Files\Components\Rocket Launcher">
      <UniqueIdentifier>{10ab9f3a-c8a9-421d-9b9d-af6d128123ce}</UniqueIdentifier>
    </Filter>
    <Filter Include="Header Files\Components\RocketLauncher">
      <UniqueIdentifier>{a79633b1-18cb-4a5e-a0e8-fb58cd2f30a1}</UniqueIdentifier>
    </Filter>
    <Filter Include="Header Files\Components\DamageHandler">
      <UniqueIdentifier>{c97859e4-1d32-468d-b80c-be2840c1a3c7}</UniqueIdentifier>
    </Filter>
    <Filter Include="Source Files\Components\DamageHandler">
      <UniqueIdentifier>{9bc446ff-0d3a-4025-8a6c-9398a5ca5be9}</UniqueIdentifier>
    </Filter>
    <Filter Include="Source Files\GameScenes">
      <UniqueIdentifier>{382fb005-b711-4ef0-8d16-943e5fb919ea}</UniqueIdentifier>
    </Filter>
    <Filter Include="Header Files\GameScenes">
      <UniqueIdentifier>{867b2680-addf-4801-9408-8f1b7f04f021}</UniqueIdentifier>
    </Filter>
  </ItemGroup>
  <ItemGroup>
    <ClCompile Include="main.cpp">
      <Filter>Source Files</Filter>
    </ClCompile>
    <ClCompile Include="GameWorld.cpp">
      <Filter>Source Files</Filter>
    </ClCompile>
    <ClCompile Include="TileMap.cpp">
      <Filter>Source Files\TileSystems</Filter>
    </ClCompile>
    <ClCompile Include="Tileset.cpp">
      <Filter>Source Files\TileSystems</Filter>
    </ClCompile>
    <ClCompile Include="TileSprite.cpp">
      <Filter>Source Files\TileSystems</Filter>
    </ClCompile>
    <ClCompile Include="TileTexture.cpp">
      <Filter>Source Files\TileSystems</Filter>
    </ClCompile>
    <ClCompile Include="Component.cpp">
      <Filter>Source Files\Components</Filter>
    </ClCompile>
    <ClCompile Include="GameObject.cpp">
      <Filter>Source Files\GameObjects</Filter>
    </ClCompile>
    <ClCompile Include="PlatformDataEngineWrapper.cpp">
      <Filter>Source Files</Filter>
    </ClCompile>
    <ClCompile Include="AnimationController.cpp">
      <Filter>Source Files\Components</Filter>
    </ClCompile>
    <ClCompile Include="SpriteRenderer.cpp">
      <Filter>Source Files\Components</Filter>
    </ClCompile>
    <ClCompile Include="CharacterController.cpp">
      <Filter>Source Files\Components</Filter>
    </ClCompile>
    <ClCompile Include="CameraController.cpp">
      <Filter>Source Files</Filter>
    </ClCompile>
    <ClCompile Include="PhysicsBody.cpp">
      <Filter>Source Files\Components</Filter>
    </ClCompile>
    <ClCompile Include="TextRenderer.cpp">
      <Filter>Source Files\Components</Filter>
    </ClCompile>
    <ClCompile Include="EngineStatsText.cpp">
      <Filter>Source Files\Components</Filter>
    </ClCompile>
    <ClCompile Include="PlayerInputManager.cpp">
      <Filter>Source Files\Input</Filter>
    </ClCompile>
    <ClCompile Include="InputManager.cpp">
      <Filter>Source Files\Input</Filter>
    </ClCompile>
    <ClCompile Include="ParticleSystem.cpp">
      <Filter>Source Files\Components</Filter>
    </ClCompile>
    <ClCompile Include="RocketLauncher.cpp">
      <Filter>Source Files\Components\Rocket Launcher</Filter>
    </ClCompile>
    <ClCompile Include="RocketProjectile.cpp">
      <Filter>Source Files\Components\Rocket Launcher</Filter>
    </ClCompile>
    <ClCompile Include="TimedDestroy.cpp">
      <Filter>Source Files\Components</Filter>
    </ClCompile>
    <ClCompile Include="PhysicsDebugDraw.cpp">
      <Filter>Source Files</Filter>
    </ClCompile>
    <ClCompile Include="Alive.cpp">
      <Filter>Source Files</Filter>
    </ClCompile>
    <ClCompile Include="PhysicsCallbacks.cpp">
      <Filter>Source Files\Internal</Filter>
    </ClCompile>
    <ClCompile Include="StatsPanel.cpp">
      <Filter>Source Files\Components</Filter>
    </ClCompile>
    <ClCompile Include="StatsBar.cpp">
      <Filter>Source Files\Internal</Filter>
    </ClCompile>
    <ClCompile Include="DeathHandler.cpp">
      <Filter>Source Files\Components\DamageHandler</Filter>
    </ClCompile>
    <ClCompile Include="PlayerDamageHandler.cpp">
      <Filter>Source Files\Components\DamageHandler</Filter>
    </ClCompile>
    <ClCompile Include="GameScene.cpp">
      <Filter>Source Files\GameScenes</Filter>
    </ClCompile>
    <ClCompile Include="PlayerDeathScene.cpp">
      <Filter>Source Files</Filter>
    </ClCompile>
  </ItemGroup>
  <ItemGroup>
    <ClInclude Include="GameWorld.h">
      <Filter>Header Files</Filter>
    </ClInclude>
    <ClInclude Include="Utility.h">
      <Filter>Header Files</Filter>
    </ClInclude>
    <ClInclude Include="TileTexture.h">
      <Filter>Header Files\TileSystems</Filter>
    </ClInclude>
    <ClInclude Include="TileMap.h">
      <Filter>Header Files\TileSystems</Filter>
    </ClInclude>
    <ClInclude Include="Tileset.h">
      <Filter>Header Files\TileSystems</Filter>
    </ClInclude>
    <ClInclude Include="TileSprite.h">
      <Filter>Header Files\TileSystems</Filter>
    </ClInclude>
    <ClInclude Include="Component.h">
      <Filter>Header Files\Components</Filter>
    </ClInclude>
    <ClInclude Include="GameObject.h">
      <Filter>Header Files\GameObjects</Filter>
    </ClInclude>
    <ClInclude Include="PlatformDataEngineWrapper.h">
      <Filter>Header Files</Filter>
    </ClInclude>
    <ClInclude Include="AnimationController.h">
      <Filter>Header Files\Components</Filter>
    </ClInclude>
    <ClInclude Include="ComponentFactory.h">
      <Filter>Header Files</Filter>
    </ClInclude>
    <ClInclude Include="SpriteRenderer.h">
      <Filter>Header Files\Components</Filter>
    </ClInclude>
    <ClInclude Include="CharacterController.h">
      <Filter>Header Files\Components</Filter>
    </ClInclude>
    <ClInclude Include="CameraController.h">
      <Filter>Header Files</Filter>
    </ClInclude>
    <ClInclude Include="PhysicsBody.h">
      <Filter>Header Files\Components</Filter>
    </ClInclude>
    <ClInclude Include="PhysicsCallbacks.h">
      <Filter>Header Files\Internal</Filter>
    </ClInclude>
    <ClInclude Include="TextRenderer.h">
      <Filter>Header Files\Components</Filter>
    </ClInclude>
    <ClInclude Include="EngineStatsText.h">
      <Filter>Header Files\Components</Filter>
    </ClInclude>
    <ClInclude Include="PlayerInputManager.h">
      <Filter>Header Files\Input</Filter>
    </ClInclude>
    <ClInclude Include="InputManager.h">
      <Filter>Header Files\Input</Filter>
    </ClInclude>
    <ClInclude Include="ParticleSystem.h">
      <Filter>Header Files\Components</Filter>
    </ClInclude>
    <ClInclude Include="RocketLauncher.h">
      <Filter>Header Files\Components\RocketLauncher</Filter>
    </ClInclude>
    <ClInclude Include="RocketProjectile.h">
      <Filter>Header Files\Components\RocketLauncher</Filter>
    </ClInclude>
    <ClInclude Include="TimedDestroy.h">
      <Filter>Header Files\Components</Filter>
    </ClInclude>
    <ClInclude Include="PhysicsDebugDraw.h">
      <Filter>Header Files</Filter>
    </ClInclude>
    <ClInclude Include="Alive.h">
      <Filter>Header Files</Filter>
    </ClInclude>
    <ClInclude Include="StatsPanel.h">
      <Filter>Header Files\Components</Filter>
    </ClInclude>
    <ClInclude Include="StatsBar.h">
      <Filter>Header Files\Internal</Filter>
    </ClInclude>
    <ClInclude Include="DamageHandler.h">
      <Filter>Header Files\Components\DamageHandler</Filter>
    </ClInclude>
    <ClInclude Include="PlayerDamageHandler.h">
      <Filter>Header Files\Components\DamageHandler</Filter>
    </ClInclude>
    <ClInclude Include="GameScene.h">
      <Filter>Header Files\GameScenes</Filter>
    </ClInclude>
    <ClInclude Include="PlayerDeathScene.h">
      <Filter>Header Files</Filter>
    </ClInclude>
  </ItemGroup>
  <ItemGroup>
    <None Include="..\vcpkg.json">
      <Filter>Resource Files</Filter>
    </None>
  </ItemGroup>
  <ItemGroup>
    <CopyFileToFolders Include="shaders\foliage.frag">
      <Filter>Resource Files\Shaders</Filter>
    </CopyFileToFolders>
    <CopyFileToFolders Include="game\gameObjects\PlayerCharacter.json">
      <Filter>Resource Files\Game\GameObjects</Filter>
    </CopyFileToFolders>
    <CopyFileToFolders Include="assets\Character.png">
      <Filter>Resource Files</Filter>
    </CopyFileToFolders>
    <CopyFileToFolders Include="assets\Plants.png">
      <Filter>Resource Files</Filter>
    </CopyFileToFolders>
    <CopyFileToFolders Include="assets\SpaceTileset.png">
      <Filter>Resource Files</Filter>
    </CopyFileToFolders>
    <CopyFileToFolders Include="assets\VT323-Regular.ttf">
      <Filter>Resource Files</Filter>
    </CopyFileToFolders>
    <CopyFileToFolders Include="assets\Main.tmx">
      <Filter>Resource Files</Filter>
    </CopyFileToFolders>
    <CopyFileToFolders Include="game\world.json">
      <Filter>Resource Files\Game</Filter>
    </CopyFileToFolders>
    <CopyFileToFolders Include="assets\Character.json">
      <Filter>Resource Files</Filter>
    </CopyFileToFolders>
    <CopyFileToFolders Include="shaders\foliage.vert">
      <Filter>Resource Files\Shaders</Filter>
    </CopyFileToFolders>
    <CopyFileToFolders Include="assets\Plants.tsx">
      <Filter>Resource Files</Filter>
    </CopyFileToFolders>
    <CopyFileToFolders Include="assets\SpaceTileset.tsx">
      <Filter>Resource Files</Filter>
    </CopyFileToFolders>
    <CopyFileToFolders Include="game\gameObjects\EngineStats.json">
      <Filter>Resource Files\Game\GameObjects</Filter>
    </CopyFileToFolders>
    <CopyFileToFolders Include="game\input.json">
      <Filter>Resource Files\Game</Filter>
    </CopyFileToFolders>
    <CopyFileToFolders Include="game\gameObjects\RocketLauncher.json">
      <Filter>Resource Files\Game\GameObjects</Filter>
    </CopyFileToFolders>
    <CopyFileToFolders Include="game\gameObjects\FireParticle.json">
      <Filter>Resource Files\Game\GameObjects</Filter>
    </CopyFileToFolders>
    <CopyFileToFolders Include="game\gameObjects\RocketProjectile.json">
      <Filter>Resource Files\Game\GameObjects</Filter>
    </CopyFileToFolders>
    <CopyFileToFolders Include="game\gameObjects\RocketExplosion.json">
      <Filter>Resource Files\Game\GameObjects</Filter>
    </CopyFileToFolders>
    <CopyFileToFolders Include="assets\FireParticle.json">
      <Filter>Resource Files</Filter>
    </CopyFileToFolders>
    <CopyFileToFolders Include="assets\FireParticle.png">
      <Filter>Resource Files</Filter>
    </CopyFileToFolders>
    <CopyFileToFolders Include="assets\RocketLauncher.json">
      <Filter>Resource Files</Filter>
    </CopyFileToFolders>
    <CopyFileToFolders Include="assets\RocketLauncher.png">
      <Filter>Resource Files</Filter>
    </CopyFileToFolders>
    <CopyFileToFolders Include="assets\RocketProjectile.png">
      <Filter>Resource Files</Filter>
    </CopyFileToFolders>
    <CopyFileToFolders Include="game\gameObjects\StatsPanel.json">
      <Filter>Resource Files\Game\GameObjects</Filter>
    </CopyFileToFolders>
    <CopyFileToFolders Include="assets\StatsPanel.json">
      <Filter>Resource Files</Filter>
    </CopyFileToFolders>
    <CopyFileToFolders Include="assets\StatsPanel.png">
      <Filter>Resource Files</Filter>
    </CopyFileToFolders>
    <CopyFileToFolders Include="assets\Arena.tmx">
      <Filter>Resource Files</Filter>
    </CopyFileToFolders>
  </ItemGroup>
</Project>